<?xml version="1.0" encoding="utf-8"?>
<Project ToolsVersion="4.0" xmlns="http://schemas.microsoft.com/developer/msbuild/2003">
  <ItemGroup>
    <Filter Include="源文件">
      <UniqueIdentifier>{4FC737F1-C7A5-4376-A066-2A32D752A2FF}</UniqueIdentifier>
      <Extensions>cpp;c;cc;cxx;c++;cppm;ixx;def;odl;idl;hpj;bat;asm;asmx</Extensions>
    </Filter>
    <Filter Include="头文件">
      <UniqueIdentifier>{93995380-89BD-4b04-88EB-625FBE52EBFB}</UniqueIdentifier>
      <Extensions>h;hh;hpp;hxx;h++;hm;inl;inc;ipp;xsd</Extensions>
    </Filter>
    <Filter Include="资源文件">
      <UniqueIdentifier>{67DA6AB6-F800-4c08-8B7A-83BB121AAD01}</UniqueIdentifier>
      <Extensions>rc;ico;cur;bmp;dlg;rc2;rct;bin;rgs;gif;jpg;jpeg;jpe;resx;tiff;tif;png;wav;mfcribbon-ms</Extensions>
    </Filter>
  </ItemGroup>
  <ItemGroup>
    <ClCompile Include="Source\River.cpp">
      <Filter>源文件</Filter>
    </ClCompile>
    <ClCompile Include="Window\Source\Window.cpp">
      <Filter>源文件</Filter>
    </ClCompile>
    <ClCompile Include="Source\RiverPch.cpp">
      <Filter>源文件</Filter>
    </ClCompile>
    <ClCompile Include="Window\Windows\Source\WindowsWindow.cpp">
      <Filter>源文件</Filter>
    </ClCompile>
    <ClCompile Include="Source\Layer.cpp">
      <Filter>源文件</Filter>
    </ClCompile>
    <ClCompile Include="Source\Application.cpp">
      <Filter>源文件</Filter>
    </ClCompile>
    <ClCompile Include="Renderer\Source\RHI.cpp">
      <Filter>源文件</Filter>
    </ClCompile>
    <ClCompile Include="Renderer\DX12Renderer\Source\DX12RHI.cpp">
      <Filter>源文件</Filter>
    </ClCompile>
    <ClCompile Include="Renderer\Source\Shader.cpp">
      <Filter>源文件</Filter>
    </ClCompile>
    <ClCompile Include="Renderer\DX12Renderer\Source\DX12Shader.cpp">
      <Filter>源文件</Filter>
    </ClCompile>
    <ClCompile Include="Utils\Source\StringUtils.cpp">
      <Filter>源文件</Filter>
    </ClCompile>
    <ClCompile Include="Renderer\Source\PipelineState.cpp">
      <Filter>源文件</Filter>
    </ClCompile>
    <ClCompile Include="Renderer\DX12Renderer\Source\DX12PipelineState.cpp">
      <Filter>源文件</Filter>
    </ClCompile>
    <ClCompile Include="Renderer\Source\FrameBuffer.cpp">
      <Filter>源文件</Filter>
    </ClCompile>
    <ClCompile Include="Renderer\DX12Renderer\Source\DX12FrameBuffer.cpp">
      <Filter>源文件</Filter>
    </ClCompile>
    <ClCompile Include="Renderer\Source\IndexBuffer.cpp">
      <Filter>源文件</Filter>
    </ClCompile>
    <ClCompile Include="Renderer\Source\VertexBuffer.cpp">
      <Filter>源文件</Filter>
    </ClCompile>
    <ClCompile Include="Renderer\DX12Renderer\Source\DX12VertexBuffer.cpp">
      <Filter>源文件</Filter>
    </ClCompile>
    <ClCompile Include="Renderer\Source\UniformBuffer.cpp">
      <Filter>源文件</Filter>
    </ClCompile>
    <ClCompile Include="Renderer\DX12Renderer\Source\DX12UniformBuffer.cpp">
      <Filter>源文件</Filter>
    </ClCompile>
    <ClCompile Include="Renderer\DX12Renderer\Source\DX12Util.cpp">
      <Filter>源文件</Filter>
    </ClCompile>
    <ClCompile Include="Renderer\DX12Renderer\Source\DX12IndexBuffer.cpp">
      <Filter>源文件</Filter>
    </ClCompile>
    <ClCompile Include="Renderer\DX12Renderer\Source\DX12GeometryGenerator.cpp">
      <Filter>源文件</Filter>
    </ClCompile>
    <ClCompile Include="Renderer\Source\Material.cpp">
      <Filter>源文件</Filter>
    </ClCompile>
    <ClCompile Include="Renderer\Texture\Source\Texture.cpp">
      <Filter>源文件</Filter>
    </ClCompile>
    <ClCompile Include="Renderer\DX12Renderer\Source\DDSTextureLoader.cpp">
      <Filter>源文件</Filter>
    </ClCompile>
    <ClCompile Include="Renderer\DX12Renderer\Source\DX12Texture.cpp">
      <Filter>源文件</Filter>
    </ClCompile>
    <ClCompile Include="Renderer\DX12Renderer\Source\DX12RootSignature.cpp">
      <Filter>源文件</Filter>
    </ClCompile>
    <ClCompile Include="Source\RiverTime.cpp">
      <Filter>源文件</Filter>
    </ClCompile>
    <ClCompile Include="Renderer\Source\RenderItem.cpp">
      <Filter>源文件</Filter>
    </ClCompile>
    <ClCompile Include="Renderer\DX12Renderer\Header\Waves.cpp">
      <Filter>源文件</Filter>
    </ClCompile>
    <ClCompile Include="Renderer\Mesh\Source\Mesh.cpp">
      <Filter>源文件</Filter>
    </ClCompile>
    <ClCompile Include="Renderer\DX12Renderer\Source\DX12RenderItem.cpp">
      <Filter>源文件</Filter>
    </ClCompile>
    <ClCompile Include="Renderer\DX12Renderer\Source\DX12ShadowMap.cpp">
      <Filter>源文件</Filter>
    </ClCompile>
    <ClCompile Include="Renderer\DX12Renderer\Source\DX12Ssao.cpp">
      <Filter>源文件</Filter>
    </ClCompile>
    <ClCompile Include="Renderer\DX12Renderer\Source\DX12SkinnedData.cpp">
      <Filter>源文件</Filter>
    </ClCompile>
    <ClCompile Include="Renderer\DX12Renderer\Source\DX12ShadowPass.cpp">
      <Filter>源文件</Filter>
    </ClCompile>
    <ClCompile Include="Component\Source\LightComponent.cpp">
      <Filter>源文件</Filter>
    </ClCompile>
    <ClCompile Include="Object\Source\Object.cpp">
      <Filter>源文件</Filter>
    </ClCompile>
    <ClCompile Include="Component\Source\Component.cpp">
      <Filter>源文件</Filter>
    </ClCompile>
    <ClCompile Include="GUI\Source\Widget.cpp">
      <Filter>源文件</Filter>
    </ClCompile>
    <ClCompile Include="GUI\Source\Panel.cpp">
      <Filter>源文件</Filter>
    </ClCompile>
    <ClCompile Include="GUI\Source\Button.cpp">
      <Filter>源文件</Filter>
    </ClCompile>
    <ClCompile Include="GUI\Source\Image.cpp">
      <Filter>源文件</Filter>
    </ClCompile>
    <ClCompile Include="Source\UILayer.cpp">
      <Filter>源文件</Filter>
    </ClCompile>
    <ClCompile Include="GUI\Source\UIWindow.cpp">
      <Filter>源文件</Filter>
    </ClCompile>
    <ClCompile Include="Renderer\Font\Source\Font.cpp">
      <Filter>源文件</Filter>
    </ClCompile>
    <ClCompile Include="Renderer\Font\Source\TTF_Info.cpp">
      <Filter>源文件</Filter>
    </ClCompile>
    <ClCompile Include="Renderer\Font\Source\FontAtlas.cpp">
      <Filter>源文件</Filter>
    </ClCompile>
    <ClCompile Include="GUI\Source\Text.cpp">
      <Filter>源文件</Filter>
    </ClCompile>
    <ClCompile Include="Utils\Source\FileUtils.cpp">
      <Filter>源文件</Filter>
    </ClCompile>
    <ClCompile Include="Component\Source\StaticMeshComponent.cpp">
      <Filter>源文件</Filter>
    </ClCompile>
    <ClCompile Include="Level\Source\Level.cpp">
      <Filter>源文件</Filter>
    </ClCompile>
    <ClCompile Include="Level\Source\World.cpp">
      <Filter>源文件</Filter>
    </ClCompile>
    <ClCompile Include="Source\GameInstance.cpp">
      <Filter>源文件</Filter>
    </ClCompile>
    <ClCompile Include="Object\Source\ObjectUtils.cpp">
      <Filter>源文件</Filter>
    </ClCompile>
    <ClCompile Include="Renderer\Parse\Source\ParseObj.cpp">
      <Filter>源文件</Filter>
    </ClCompile>
    <ClCompile Include="Renderer\Source\RawPolyhedron.cpp">
      <Filter>源文件</Filter>
    </ClCompile>
    <ClCompile Include="Renderer\Mesh\Source\StaticMesh.cpp">
      <Filter>源文件</Filter>
    </ClCompile>
    <ClCompile Include="Component\Source\RenderMeshComponent.cpp">
      <Filter>源文件</Filter>
    </ClCompile>
    <ClCompile Include="Renderer\Source\RenderScene.cpp">
      <Filter>源文件</Filter>
    </ClCompile>
    <ClCompile Include="Renderer\Source\RenderProxy.cpp">
      <Filter>源文件</Filter>
    </ClCompile>
    <ClCompile Include="Renderer\DX12Renderer\Source\DX12DescriptorAllocator.cpp">
      <Filter>源文件</Filter>
    </ClCompile>
    <ClCompile Include="Renderer\DX12Renderer\Source\DX12DynamicDescriptorHeap.cpp">
      <Filter>源文件</Filter>
    </ClCompile>
    <ClCompile Include="Renderer\Source\AssetManager.cpp">
      <Filter>源文件</Filter>
    </ClCompile>
    <ClCompile Include="Renderer\Source\GeometryGenerator.cpp">
      <Filter>源文件</Filter>
    </ClCompile>
    <ClCompile Include="Renderer\Pass\Source\RenderPassForwardRendering.cpp">
      <Filter>源文件</Filter>
    </ClCompile>
    <ClCompile Include="Renderer\Pass\Source\RenderPass.cpp">
      <Filter>源文件</Filter>
    </ClCompile>
    <ClCompile Include="Renderer\Pass\Source\RenderPassShadow.cpp">
      <Filter>源文件</Filter>
    </ClCompile>
    <ClCompile Include="Renderer\Pass\Source\RenderPassUI.cpp">
      <Filter>源文件</Filter>
    </ClCompile>
    <ClCompile Include="Renderer\DX12Renderer\Source\DX12CommandPool.cpp">
      <Filter>源文件</Filter>
    </ClCompile>
    <ClCompile Include="Object\Source\LightObject.cpp">
      <Filter>源文件</Filter>
    </ClCompile>
    <ClCompile Include="Physics\Source\PhyScene.cpp">
      <Filter>源文件</Filter>
    </ClCompile>
    <ClCompile Include="Physics\Source\RigidBody.cpp">
      <Filter>源文件</Filter>
    </ClCompile>
    <ClCompile Include="Component\Source\RigidComponent.cpp">
      <Filter>源文件</Filter>
    </ClCompile>
    <ClCompile Include="Component\Source\CameraComponent.cpp">
      <Filter>源文件</Filter>
    </ClCompile>
    <ClCompile Include="Object\Source\CameraObject.cpp">
      <Filter>源文件</Filter>
    </ClCompile>
    <ClCompile Include="Input\Source\InputManager.cpp">
      <Filter>源文件</Filter>
    </ClCompile>
    <ClCompile Include="Object\Source\SkyBoxObject.cpp">
      <Filter>源文件</Filter>
    </ClCompile>
    <ClCompile Include="Component\Source\SkyBoxComponent.cpp">
      <Filter>源文件</Filter>
    </ClCompile>
    <ClCompile Include="Renderer\Mesh\Source\SkeletalMesh.cpp">
      <Filter>源文件</Filter>
    </ClCompile>
    <ClCompile Include="Renderer\Mesh\Source\MeshUtility.cpp">
      <Filter>源文件</Filter>
    </ClCompile>
    <ClCompile Include="Component\Source\SkeletalMeshComponent.cpp">
      <Filter>源文件</Filter>
    </ClCompile>
    <ClCompile Include="Component\Source\BaseMeshComponent.cpp">
      <Filter>源文件</Filter>
    </ClCompile>
    <ClCompile Include="XJson\XJson.cpp">
      <Filter>源文件</Filter>
    </ClCompile>
    <ClCompile Include="GUI\Source\ListWidget.cpp">
      <Filter>源文件</Filter>
    </ClCompile>
    <ClCompile Include="GUI\Source\TreeWidget.cpp">
      <Filter>源文件</Filter>
    </ClCompile>
    <ClCompile Include="GUI\Source\GuiManager.cpp">
      <Filter>源文件</Filter>
    </ClCompile>
    <ClCompile Include="GUI\Source\Canvas.cpp">
      <Filter>源文件</Filter>
    </ClCompile>
    <ClCompile Include="HazeLib\Source\RiverUiLibrary.cpp">
      <Filter>源文件</Filter>
    </ClCompile>
    <ClCompile Include="Source\RiverMainUiLayer.cpp">
      <Filter>源文件</Filter>
    </ClCompile>
    <ClCompile Include="Renderer\MeshAnimation\Source\MeshAnimationData.cpp">
      <Filter>源文件</Filter>
    </ClCompile>
    <ClCompile Include="Renderer\Mesh\Source\FBXLoader.cpp">
      <Filter>源文件</Filter>
    </ClCompile>
    <ClCompile Include="Source\RiverFile.cpp">
      <Filter>源文件</Filter>
    </ClCompile>
    <ClCompile Include="Renderer\Texture\Source\PNGLoader.cpp">
      <Filter>源文件</Filter>
    </ClCompile>
    <ClCompile Include="Renderer\Texture\Source\lodepng.cpp">
      <Filter>源文件</Filter>
    </ClCompile>
    <ClCompile Include="GUI\Source\InfiniteCanvas.cpp">
      <Filter>源文件</Filter>
    </ClCompile>
  </ItemGroup>
  <ItemGroup>
    <ClInclude Include="Header\RiverHead.h">
      <Filter>头文件</Filter>
    </ClInclude>
    <ClInclude Include="Window\Header\Window.h">
      <Filter>头文件</Filter>
    </ClInclude>
    <ClInclude Include="Header\RiverPch.h">
      <Filter>头文件</Filter>
    </ClInclude>
    <ClInclude Include="Window\Windows\Header\WindowsWindow.h">
      <Filter>头文件</Filter>
    </ClInclude>
    <ClInclude Include="Header\Layer.h">
      <Filter>头文件</Filter>
    </ClInclude>
    <ClInclude Include="Header\Application.h">
      <Filter>头文件</Filter>
    </ClInclude>
    <ClInclude Include="Renderer\Header\Camera.h">
      <Filter>头文件</Filter>
    </ClInclude>
    <ClInclude Include="Renderer\Header\RHI.h">
      <Filter>头文件</Filter>
    </ClInclude>
    <ClInclude Include="Renderer\DX12Renderer\Header\DX12RHI.h">
      <Filter>头文件</Filter>
    </ClInclude>
    <ClInclude Include="Renderer\DX12Renderer\Header\d3dx12.h">
      <Filter>头文件</Filter>
    </ClInclude>
    <ClInclude Include="Renderer\Header\Shader.h">
      <Filter>头文件</Filter>
    </ClInclude>
    <ClInclude Include="Renderer\DX12Renderer\Header\DX12Shader.h">
      <Filter>头文件</Filter>
    </ClInclude>
    <ClInclude Include="Utils\Header\StringUtils.h">
      <Filter>头文件</Filter>
    </ClInclude>
    <ClInclude Include="Renderer\Header\PipelineState.h">
      <Filter>头文件</Filter>
    </ClInclude>
    <ClInclude Include="Renderer\DX12Renderer\Header\DX12FrameBuffer.h">
      <Filter>头文件</Filter>
    </ClInclude>
    <ClInclude Include="Renderer\Header\IndexBuffer.h">
      <Filter>头文件</Filter>
    </ClInclude>
    <ClInclude Include="Renderer\Header\VertexBuffer.h">
      <Filter>头文件</Filter>
    </ClInclude>
    <ClInclude Include="Renderer\DX12Renderer\Header\DX12VertexBuffer.h">
      <Filter>头文件</Filter>
    </ClInclude>
    <ClInclude Include="Renderer\DX12Renderer\Header\DX12PipelineState.h">
      <Filter>头文件</Filter>
    </ClInclude>
    <ClInclude Include="Renderer\Header\FrameBuffer.h">
      <Filter>头文件</Filter>
    </ClInclude>
    <ClInclude Include="Renderer\Header\UniformBuffer.h">
      <Filter>头文件</Filter>
    </ClInclude>
    <ClInclude Include="Renderer\DX12Renderer\Header\DX12UniformBuffer.h">
      <Filter>头文件</Filter>
    </ClInclude>
    <ClInclude Include="Renderer\Header\RendererUtil.h">
      <Filter>头文件</Filter>
    </ClInclude>
    <ClInclude Include="Renderer\DX12Renderer\Header\DX12Util.h">
      <Filter>头文件</Filter>
    </ClInclude>
    <ClInclude Include="Renderer\DX12Renderer\Header\UploadBuffer.h">
      <Filter>头文件</Filter>
    </ClInclude>
    <ClInclude Include="Renderer\DX12Renderer\Header\DX12IndexBuffer.h">
      <Filter>头文件</Filter>
    </ClInclude>
    <ClInclude Include="Renderer\Header\ShaderDataType.h">
      <Filter>头文件</Filter>
    </ClInclude>
    <ClInclude Include="Header\Event.h">
      <Filter>头文件</Filter>
    </ClInclude>
    <ClInclude Include="Header\KeyCode.h">
      <Filter>头文件</Filter>
    </ClInclude>
    <ClInclude Include="Renderer\DX12Renderer\Header\DX12GeometryGenerator.h">
      <Filter>头文件</Filter>
    </ClInclude>
    <ClInclude Include="Renderer\Header\Material.h">
      <Filter>头文件</Filter>
    </ClInclude>
    <ClInclude Include="Renderer\Texture\Header\Texture.h">
      <Filter>头文件</Filter>
    </ClInclude>
    <ClInclude Include="Renderer\DX12Renderer\Header\DDSTextureLoader.h">
      <Filter>头文件</Filter>
    </ClInclude>
    <ClInclude Include="Renderer\DX12Renderer\Header\DX12Texture.h">
      <Filter>头文件</Filter>
    </ClInclude>
    <ClInclude Include="Renderer\DX12Renderer\Header\DX12RootSignature.h">
      <Filter>头文件</Filter>
    </ClInclude>
    <ClInclude Include="Header\RiverTime.h">
      <Filter>头文件</Filter>
    </ClInclude>
    <ClInclude Include="Renderer\Header\RenderItem.h">
      <Filter>头文件</Filter>
    </ClInclude>
    <ClInclude Include="Renderer\DX12Renderer\Header\Waves.h">
      <Filter>头文件</Filter>
    </ClInclude>
    <ClInclude Include="Renderer\Mesh\Header\Mesh.h">
      <Filter>头文件</Filter>
    </ClInclude>
    <ClInclude Include="Renderer\DX12Renderer\Header\DX12RenderItem.h">
      <Filter>头文件</Filter>
    </ClInclude>
    <ClInclude Include="Renderer\DX12Renderer\Header\DX12ShadowMap.h">
      <Filter>头文件</Filter>
    </ClInclude>
    <ClInclude Include="Renderer\DX12Renderer\Header\DX12Ssao.h">
      <Filter>头文件</Filter>
    </ClInclude>
    <ClInclude Include="Renderer\DX12Renderer\Header\DX12SkinnedData.h">
      <Filter>头文件</Filter>
    </ClInclude>
    <ClInclude Include="Renderer\DX12Renderer\Header\DX12ShadowPass.h">
      <Filter>头文件</Filter>
    </ClInclude>
    <ClInclude Include="Component\Header\Component.h">
      <Filter>头文件</Filter>
    </ClInclude>
    <ClInclude Include="Component\Header\LightComponent.h">
      <Filter>头文件</Filter>
    </ClInclude>
    <ClInclude Include="Object\Header\Object.h">
      <Filter>头文件</Filter>
    </ClInclude>
    <ClInclude Include="GUI\Header\Widget.h">
      <Filter>头文件</Filter>
    </ClInclude>
    <ClInclude Include="GUI\Header\Panel.h">
      <Filter>头文件</Filter>
    </ClInclude>
    <ClInclude Include="GUI\Header\Button.h">
      <Filter>头文件</Filter>
    </ClInclude>
    <ClInclude Include="GUI\Header\Image.h">
      <Filter>头文件</Filter>
    </ClInclude>
    <ClInclude Include="Header\UILayer.h">
      <Filter>头文件</Filter>
    </ClInclude>
    <ClInclude Include="GUI\Header\UIWindow.h">
      <Filter>头文件</Filter>
    </ClInclude>
    <ClInclude Include="Renderer\Font\Header\Font.h">
      <Filter>头文件</Filter>
    </ClInclude>
    <ClInclude Include="Renderer\Font\Header\TTF_Info.h">
      <Filter>头文件</Filter>
    </ClInclude>
    <ClInclude Include="Renderer\Font\Header\FontAtlas.h">
      <Filter>头文件</Filter>
    </ClInclude>
    <ClInclude Include="GUI\Header\Text.h">
      <Filter>头文件</Filter>
    </ClInclude>
    <ClInclude Include="Utils\Header\FileUtils.h">
      <Filter>头文件</Filter>
    </ClInclude>
    <ClInclude Include="Renderer\DX12Renderer\Header\DX12DefaultConfig.h">
      <Filter>头文件</Filter>
    </ClInclude>
    <ClInclude Include="Component\Header\StaticMeshComponent.h">
      <Filter>头文件</Filter>
    </ClInclude>
    <ClInclude Include="Level\Header\Level.h">
      <Filter>头文件</Filter>
    </ClInclude>
    <ClInclude Include="Level\Header\World.h">
      <Filter>头文件</Filter>
    </ClInclude>
    <ClInclude Include="Header\GameInstance.h">
      <Filter>头文件</Filter>
    </ClInclude>
    <ClInclude Include="Object\Header\ObjectUtils.h">
      <Filter>头文件</Filter>
    </ClInclude>
    <ClInclude Include="Renderer\Parse\Header\ParseObj.h">
      <Filter>头文件</Filter>
    </ClInclude>
    <ClInclude Include="Renderer\Header\RawPolyhedron.h">
      <Filter>头文件</Filter>
    </ClInclude>
    <ClInclude Include="Renderer\Mesh\Header\StaticMesh.h">
      <Filter>头文件</Filter>
    </ClInclude>
    <ClInclude Include="Component\Header\RenderMeshComponent.h">
      <Filter>头文件</Filter>
    </ClInclude>
    <ClInclude Include="Renderer\Header\RenderScene.h">
      <Filter>头文件</Filter>
    </ClInclude>
    <ClInclude Include="Renderer\Header\RenderProxy.h">
      <Filter>头文件</Filter>
    </ClInclude>
    <ClInclude Include="GUI\Header\RiverUI.h">
      <Filter>头文件</Filter>
    </ClInclude>
    <ClInclude Include="Renderer\DX12Renderer\Header\DX12DescriptorAllocator.h">
      <Filter>头文件</Filter>
    </ClInclude>
    <ClInclude Include="Renderer\DX12Renderer\Header\DX12DynamicDescriptorHeap.h">
      <Filter>头文件</Filter>
    </ClInclude>
    <ClInclude Include="Renderer\Header\AssetManager.h">
      <Filter>头文件</Filter>
    </ClInclude>
    <ClInclude Include="Renderer\Header\GeometryGenerator.h">
      <Filter>头文件</Filter>
    </ClInclude>
    <ClInclude Include="Renderer\Pass\Header\RenderPassForwardRendering.h">
      <Filter>头文件</Filter>
    </ClInclude>
    <ClInclude Include="Renderer\Pass\Header\RenderPass.h">
      <Filter>头文件</Filter>
    </ClInclude>
    <ClInclude Include="Renderer\Pass\Header\RenderPassShadow.h">
      <Filter>头文件</Filter>
    </ClInclude>
    <ClInclude Include="Renderer\Pass\Header\RenderPassUI.h">
      <Filter>头文件</Filter>
    </ClInclude>
    <ClInclude Include="Renderer\DX12Renderer\Header\DX12CommandPool.h">
      <Filter>头文件</Filter>
    </ClInclude>
    <ClInclude Include="Object\Header\LightObject.h">
      <Filter>头文件</Filter>
    </ClInclude>
    <ClInclude Include="Math\Header\BaseStruct.h">
      <Filter>头文件</Filter>
    </ClInclude>
    <ClInclude Include="Math\Header\Trigonometric.h">
      <Filter>头文件</Filter>
    </ClInclude>
    <ClInclude Include="Math\Header\Geometric.h">
      <Filter>头文件</Filter>
    </ClInclude>
    <ClInclude Include="Math\Header\BaseDefine.h">
      <Filter>头文件</Filter>
    </ClInclude>
    <ClInclude Include="Math\Header\Probability.h">
      <Filter>头文件</Filter>
    </ClInclude>
    <ClInclude Include="Math\Header\BaseFunction.h">
      <Filter>头文件</Filter>
    </ClInclude>
    <ClInclude Include="Physics\Header\PhyScene.h">
      <Filter>头文件</Filter>
    </ClInclude>
    <ClInclude Include="DataStructure\Header\BVH_Tree.h">
      <Filter>头文件</Filter>
    </ClInclude>
    <ClInclude Include="Physics\Header\RigidBody.h">
      <Filter>头文件</Filter>
    </ClInclude>
    <ClInclude Include="Physics\Header\PhysicsDefine.h">
      <Filter>头文件</Filter>
    </ClInclude>
    <ClInclude Include="Component\Header\RigidComponent.h">
      <Filter>头文件</Filter>
    </ClInclude>
    <ClInclude Include="Component\Header\CameraComponent.h">
      <Filter>头文件</Filter>
    </ClInclude>
    <ClInclude Include="Object\Header\CameraObject.h">
      <Filter>头文件</Filter>
    </ClInclude>
    <ClInclude Include="Input\Header\InputManager.h">
      <Filter>头文件</Filter>
    </ClInclude>
    <ClInclude Include="Object\Header\SkyBoxObject.h">
      <Filter>头文件</Filter>
    </ClInclude>
    <ClInclude Include="Component\Header\SkyBoxComponent.h">
      <Filter>头文件</Filter>
    </ClInclude>
    <ClInclude Include="Renderer\Mesh\Header\SkeletalMesh.h">
      <Filter>头文件</Filter>
    </ClInclude>
    <ClInclude Include="Renderer\Mesh\Header\MeshUtility.h">
      <Filter>头文件</Filter>
    </ClInclude>
    <ClInclude Include="Renderer\MeshAnimation\Header\MeshAnimationData.h">
      <Filter>头文件</Filter>
    </ClInclude>
    <ClInclude Include="Component\Header\SkeletalMeshComponent.h">
      <Filter>头文件</Filter>
    </ClInclude>
    <ClInclude Include="Component\Header\BaseMeshComponent.h">
      <Filter>头文件</Filter>
    </ClInclude>
    <ClInclude Include="XJson\XJson.h">
      <Filter>头文件</Filter>
    </ClInclude>
    <ClInclude Include="GUI\Header\ListWidget.h">
      <Filter>头文件</Filter>
    </ClInclude>
    <ClInclude Include="GUI\Header\TreeWidget.h">
      <Filter>头文件</Filter>
    </ClInclude>
    <ClInclude Include="GUI\Header\GuiManager.h">
      <Filter>头文件</Filter>
    </ClInclude>
    <ClInclude Include="GUI\Header\Canvas.h">
      <Filter>头文件</Filter>
    </ClInclude>
    <ClInclude Include="Haze\include\Haze.h">
      <Filter>头文件</Filter>
    </ClInclude>
    <ClInclude Include="Haze\include\HazeCompare.h">
      <Filter>头文件</Filter>
    </ClInclude>
    <ClInclude Include="Haze\include\HazeDebugDefine.h">
      <Filter>头文件</Filter>
    </ClInclude>
    <ClInclude Include="Haze\include\HazeHeader.h">
      <Filter>头文件</Filter>
    </ClInclude>
    <ClInclude Include="Haze\include\HazeInstruction.h">
      <Filter>头文件</Filter>
    </ClInclude>
    <ClInclude Include="Haze\include\HazeLibraryType.h">
      <Filter>头文件</Filter>
    </ClInclude>
    <ClInclude Include="Haze\include\HazeToken.h">
      <Filter>头文件</Filter>
    </ClInclude>
    <ClInclude Include="Haze\include\HazeUtility.h">
      <Filter>头文件</Filter>
    </ClInclude>
    <ClInclude Include="Haze\include\HazeVariable.h">
      <Filter>头文件</Filter>
    </ClInclude>
    <ClInclude Include="Haze\include\HazeVM.h">
      <Filter>头文件</Filter>
    </ClInclude>
    <ClInclude Include="Haze\include\HazeDefine.h">
      <Filter>头文件</Filter>
    </ClInclude>
    <ClInclude Include="Haze\include\HazeValue.h">
      <Filter>头文件</Filter>
    </ClInclude>
    <ClInclude Include="HazeLib\Header\RiverUiLibrary.h">
      <Filter>头文件</Filter>
    </ClInclude>
    <ClInclude Include="Haze\include\HazeStandardLibraryBase.h">
      <Filter>头文件</Filter>
    </ClInclude>
    <ClInclude Include="Haze\include\HazeStrcut.h">
      <Filter>头文件</Filter>
    </ClInclude>
    <ClInclude Include="Haze\include\HazeLibraryDefine.h">
      <Filter>头文件</Filter>
    </ClInclude>
    <ClInclude Include="Haze\include\HazeStack.h">
      <Filter>头文件</Filter>
    </ClInclude>
    <ClInclude Include="Header\RiverMainUiLayer.h">
      <Filter>头文件</Filter>
    </ClInclude>
    <ClInclude Include="Haze\include\HazeLog.h">
      <Filter>头文件</Filter>
    </ClInclude>
    <ClInclude Include="Header\RiverFile.h">
      <Filter>头文件</Filter>
    </ClInclude>
    <ClInclude Include="Renderer\Texture\Source\lodepng.h">
      <Filter>头文件</Filter>
    </ClInclude>
    <ClInclude Include="GUI\Header\InfiniteCanvas.h">
      <Filter>头文件</Filter>
    </ClInclude>
  </ItemGroup>
  <ItemGroup>
    <None Include="packages.config" />
    <None Include="DataStructure\Header\BVH_Tree.inl">
      <Filter>头文件</Filter>
    </None>
    <None Include="Haze\include\HazeTemplate.inl">
      <Filter>头文件</Filter>
    </None>
  </ItemGroup>
</Project>