<?xml version="1.0" encoding="utf-8"?>
<Project ToolsVersion="4.0" xmlns="http://schemas.microsoft.com/developer/msbuild/2003">
  <ItemGroup>
    <Filter Include="源文件">
      <UniqueIdentifier>{4FC737F1-C7A5-4376-A066-2A32D752A2FF}</UniqueIdentifier>
      <Extensions>cpp;c;cc;cxx;c++;cppm;ixx;def;odl;idl;hpj;bat;asm;asmx</Extensions>
    </Filter>
    <Filter Include="头文件">
      <UniqueIdentifier>{93995380-89BD-4b04-88EB-625FBE52EBFB}</UniqueIdentifier>
      <Extensions>h;hh;hpp;hxx;h++;hm;inl;inc;ipp;xsd</Extensions>
    </Filter>
    <Filter Include="资源文件">
      <UniqueIdentifier>{67DA6AB6-F800-4c08-8B7A-83BB121AAD01}</UniqueIdentifier>
      <Extensions>rc;ico;cur;bmp;dlg;rc2;rct;bin;rgs;gif;jpg;jpeg;jpe;resx;tiff;tif;png;wav;mfcribbon-ms</Extensions>
    </Filter>
  </ItemGroup>
  <ItemGroup>
    <ClCompile Include="Source\River.cpp">
      <Filter>源文件</Filter>
    </ClCompile>
    <ClCompile Include="Source\Engine.cpp">
      <Filter>源文件</Filter>
    </ClCompile>
    <ClCompile Include="Window\Source\Window.cpp">
      <Filter>源文件</Filter>
    </ClCompile>
    <ClCompile Include="Source\RiverPch.cpp">
      <Filter>源文件</Filter>
    </ClCompile>
    <ClCompile Include="Window\Windows\Source\WindowsWindow.cpp">
      <Filter>源文件</Filter>
    </ClCompile>
    <ClCompile Include="Source\Layer.cpp">
      <Filter>源文件</Filter>
    </ClCompile>
    <ClCompile Include="Source\Application.cpp">
      <Filter>源文件</Filter>
    </ClCompile>
    <ClCompile Include="Renderer\Source\RHI.cpp">
      <Filter>源文件</Filter>
    </ClCompile>
    <ClCompile Include="Renderer\DX12Renderer\Source\DX12RHI.cpp">
      <Filter>源文件</Filter>
    </ClCompile>
    <ClCompile Include="Renderer\Source\Shader.cpp">
      <Filter>源文件</Filter>
    </ClCompile>
    <ClCompile Include="Renderer\DX12Renderer\Source\DX12Shader.cpp">
      <Filter>源文件</Filter>
    </ClCompile>
    <ClCompile Include="Utils\Source\StringUtils.cpp">
      <Filter>源文件</Filter>
    </ClCompile>
    <ClCompile Include="Renderer\Source\PipelineState.cpp">
      <Filter>源文件</Filter>
    </ClCompile>
    <ClCompile Include="Renderer\DX12Renderer\Source\DX12PipelineState.cpp">
      <Filter>源文件</Filter>
    </ClCompile>
    <ClCompile Include="Renderer\Source\FrameBuffer.cpp">
      <Filter>源文件</Filter>
    </ClCompile>
    <ClCompile Include="Renderer\DX12Renderer\Source\DX12FrameBuffer.cpp">
      <Filter>源文件</Filter>
    </ClCompile>
    <ClCompile Include="Renderer\Source\IndexBuffer.cpp">
      <Filter>源文件</Filter>
    </ClCompile>
    <ClCompile Include="Renderer\Source\VertexBuffer.cpp">
      <Filter>源文件</Filter>
    </ClCompile>
    <ClCompile Include="Renderer\DX12Renderer\Source\DX12VertexBuffer.cpp">
      <Filter>源文件</Filter>
    </ClCompile>
    <ClCompile Include="Renderer\Source\UniformBuffer.cpp">
      <Filter>源文件</Filter>
    </ClCompile>
    <ClCompile Include="Renderer\DX12Renderer\Source\DX12UniformBuffer.cpp">
      <Filter>源文件</Filter>
    </ClCompile>
    <ClCompile Include="Renderer\DX12Renderer\Source\DX12Util.cpp">
      <Filter>源文件</Filter>
    </ClCompile>
    <ClCompile Include="Renderer\DX12Renderer\Source\DX12IndexBuffer.cpp">
      <Filter>源文件</Filter>
    </ClCompile>
    <ClCompile Include="Renderer\DX12Renderer\Source\DX12Camera.cpp">
      <Filter>源文件</Filter>
    </ClCompile>
    <ClCompile Include="Renderer\DX12Renderer\Source\DX12GeometryGenerator.cpp">
      <Filter>源文件</Filter>
    </ClCompile>
    <ClCompile Include="Renderer\Source\Material.cpp">
      <Filter>源文件</Filter>
    </ClCompile>
    <ClCompile Include="Renderer\Source\Texture.cpp">
      <Filter>源文件</Filter>
    </ClCompile>
    <ClCompile Include="Renderer\DX12Renderer\Source\DDSTextureLoader.cpp">
      <Filter>源文件</Filter>
    </ClCompile>
    <ClCompile Include="Renderer\DX12Renderer\Source\DX12Texture.cpp">
      <Filter>源文件</Filter>
    </ClCompile>
    <ClCompile Include="Renderer\DX12Renderer\Source\DX12RootSignature.cpp">
      <Filter>源文件</Filter>
    </ClCompile>
    <ClCompile Include="Source\RiverTime.cpp">
      <Filter>源文件</Filter>
    </ClCompile>
    <ClCompile Include="Renderer\Source\RenderItem.cpp">
      <Filter>源文件</Filter>
    </ClCompile>
    <ClCompile Include="Renderer\DX12Renderer\Header\Waves.cpp">
      <Filter>源文件</Filter>
    </ClCompile>
    <ClCompile Include="Renderer\Source\Mesh.cpp">
      <Filter>源文件</Filter>
    </ClCompile>
    <ClCompile Include="Renderer\DX12Renderer\Source\DX12RenderItem.cpp">
      <Filter>源文件</Filter>
    </ClCompile>
    <ClCompile Include="Renderer\DX12Renderer\Source\DX12ShadowMap.cpp">
      <Filter>源文件</Filter>
    </ClCompile>
    <ClCompile Include="Renderer\DX12Renderer\Source\DX12Ssao.cpp">
      <Filter>源文件</Filter>
    </ClCompile>
    <ClCompile Include="Renderer\DX12Renderer\Source\DX12SkinnedData.cpp">
      <Filter>源文件</Filter>
    </ClCompile>
    <ClCompile Include="Renderer\DX12Renderer\Source\DX12LoadM3d.cpp">
      <Filter>源文件</Filter>
    </ClCompile>
    <ClCompile Include="Renderer\DX12Renderer\Source\DX12ShadowPass.cpp">
      <Filter>源文件</Filter>
    </ClCompile>
    <ClCompile Include="Component\Source\LightComponent.cpp">
      <Filter>源文件</Filter>
    </ClCompile>
    <ClCompile Include="Actor\Source\Actor.cpp">
      <Filter>源文件</Filter>
    </ClCompile>
    <ClCompile Include="Component\Header\Component.cpp">
      <Filter>源文件</Filter>
    </ClCompile>
    <ClCompile Include="RiverUI\Source\Widget.cpp">
      <Filter>源文件</Filter>
    </ClCompile>
    <ClCompile Include="RiverUI\Source\Panel.cpp">
      <Filter>源文件</Filter>
    </ClCompile>
    <ClCompile Include="RiverUI\Source\Button.cpp">
      <Filter>源文件</Filter>
    </ClCompile>
    <ClCompile Include="RiverUI\Source\Image.cpp">
      <Filter>源文件</Filter>
    </ClCompile>
    <ClCompile Include="Source\UILayer.cpp">
      <Filter>源文件</Filter>
    </ClCompile>
    <ClCompile Include="RiverUI\Source\UIWindow.cpp">
      <Filter>源文件</Filter>
    </ClCompile>
    <ClCompile Include="RiverUI\Source\UIRenderItem.cpp">
      <Filter>源文件</Filter>
    </ClCompile>
  </ItemGroup>
  <ItemGroup>
    <ClInclude Include="Header\Engine.h">
      <Filter>头文件</Filter>
    </ClInclude>
    <ClInclude Include="Header\RiverHead.h">
      <Filter>头文件</Filter>
    </ClInclude>
    <ClInclude Include="Window\Header\Window.h">
      <Filter>头文件</Filter>
    </ClInclude>
    <ClInclude Include="Header\RiverPch.h">
      <Filter>头文件</Filter>
    </ClInclude>
    <ClInclude Include="Window\Windows\Header\WindowsWindow.h">
      <Filter>头文件</Filter>
    </ClInclude>
    <ClInclude Include="Header\Layer.h">
      <Filter>头文件</Filter>
    </ClInclude>
    <ClInclude Include="Header\Application.h">
      <Filter>头文件</Filter>
    </ClInclude>
    <ClInclude Include="Renderer\Header\Camera.h">
      <Filter>头文件</Filter>
    </ClInclude>
    <ClInclude Include="Renderer\Header\RHI.h">
      <Filter>头文件</Filter>
    </ClInclude>
    <ClInclude Include="Renderer\DX12Renderer\Header\DX12RHI.h">
      <Filter>头文件</Filter>
    </ClInclude>
    <ClInclude Include="Renderer\DX12Renderer\Header\d3dx12.h">
      <Filter>头文件</Filter>
    </ClInclude>
    <ClInclude Include="Renderer\Header\Shader.h">
      <Filter>头文件</Filter>
    </ClInclude>
    <ClInclude Include="Renderer\DX12Renderer\Header\DX12Shader.h">
      <Filter>头文件</Filter>
    </ClInclude>
    <ClInclude Include="Utils\Header\StringUtils.h">
      <Filter>头文件</Filter>
    </ClInclude>
    <ClInclude Include="Renderer\Header\PipelineState.h">
      <Filter>头文件</Filter>
    </ClInclude>
    <ClInclude Include="Renderer\DX12Renderer\Header\DX12FrameBuffer.h">
      <Filter>头文件</Filter>
    </ClInclude>
    <ClInclude Include="Renderer\Header\IndexBuffer.h">
      <Filter>头文件</Filter>
    </ClInclude>
    <ClInclude Include="Renderer\Header\VertexBuffer.h">
      <Filter>头文件</Filter>
    </ClInclude>
    <ClInclude Include="Renderer\DX12Renderer\Header\DX12VertexBuffer.h">
      <Filter>头文件</Filter>
    </ClInclude>
    <ClInclude Include="Renderer\DX12Renderer\Header\DX12PipelineState.h">
      <Filter>头文件</Filter>
    </ClInclude>
    <ClInclude Include="Renderer\Header\FrameBuffer.h">
      <Filter>头文件</Filter>
    </ClInclude>
    <ClInclude Include="Renderer\Header\UniformBuffer.h">
      <Filter>头文件</Filter>
    </ClInclude>
    <ClInclude Include="Renderer\DX12Renderer\Header\DX12UniformBuffer.h">
      <Filter>头文件</Filter>
    </ClInclude>
    <ClInclude Include="Renderer\Header\RendererUtil.h">
      <Filter>头文件</Filter>
    </ClInclude>
    <ClInclude Include="Renderer\DX12Renderer\Header\DX12Util.h">
      <Filter>头文件</Filter>
    </ClInclude>
    <ClInclude Include="Renderer\DX12Renderer\Header\UploadBuffer.h">
      <Filter>头文件</Filter>
    </ClInclude>
    <ClInclude Include="Renderer\DX12Renderer\Header\DX12IndexBuffer.h">
      <Filter>头文件</Filter>
    </ClInclude>
    <ClInclude Include="Renderer\Header\ShaderDataType.h">
      <Filter>头文件</Filter>
    </ClInclude>
    <ClInclude Include="Renderer\Header\MathStruct.h">
      <Filter>头文件</Filter>
    </ClInclude>
    <ClInclude Include="Header\MathHelper.h">
      <Filter>头文件</Filter>
    </ClInclude>
    <ClInclude Include="Header\Event.h">
      <Filter>头文件</Filter>
    </ClInclude>
    <ClInclude Include="Header\KeyCode.h">
      <Filter>头文件</Filter>
    </ClInclude>
    <ClInclude Include="Renderer\DX12Renderer\Header\DX12Camera.h">
      <Filter>头文件</Filter>
    </ClInclude>
    <ClInclude Include="Renderer\DX12Renderer\Header\DX12GeometryGenerator.h">
      <Filter>头文件</Filter>
    </ClInclude>
    <ClInclude Include="Renderer\Header\Material.h">
      <Filter>头文件</Filter>
    </ClInclude>
    <ClInclude Include="Renderer\Header\Texture.h">
      <Filter>头文件</Filter>
    </ClInclude>
    <ClInclude Include="Renderer\DX12Renderer\Header\DDSTextureLoader.h">
      <Filter>头文件</Filter>
    </ClInclude>
    <ClInclude Include="Renderer\DX12Renderer\Header\DX12Texture.h">
      <Filter>头文件</Filter>
    </ClInclude>
    <ClInclude Include="Renderer\DX12Renderer\Header\DX12RootSignature.h">
      <Filter>头文件</Filter>
    </ClInclude>
    <ClInclude Include="Header\RiverTime.h">
      <Filter>头文件</Filter>
    </ClInclude>
    <ClInclude Include="Renderer\Header\RenderItem.h">
      <Filter>头文件</Filter>
    </ClInclude>
    <ClInclude Include="Renderer\DX12Renderer\Header\Waves.h">
      <Filter>头文件</Filter>
    </ClInclude>
    <ClInclude Include="Renderer\Header\Mesh.h">
      <Filter>头文件</Filter>
    </ClInclude>
    <ClInclude Include="Renderer\DX12Renderer\Header\DX12RenderItem.h">
      <Filter>头文件</Filter>
    </ClInclude>
    <ClInclude Include="Renderer\DX12Renderer\Header\DX12ShadowMap.h">
      <Filter>头文件</Filter>
    </ClInclude>
    <ClInclude Include="Renderer\DX12Renderer\Header\DX12Ssao.h">
      <Filter>头文件</Filter>
    </ClInclude>
    <ClInclude Include="Renderer\DX12Renderer\Header\DX12SkinnedData.h">
      <Filter>头文件</Filter>
    </ClInclude>
    <ClInclude Include="Renderer\DX12Renderer\Header\DX12LoadM3d.h">
      <Filter>头文件</Filter>
    </ClInclude>
    <ClInclude Include="Renderer\Header\RenderPass.h">
      <Filter>头文件</Filter>
    </ClInclude>
    <ClInclude Include="Renderer\DX12Renderer\Header\DX12ShadowPass.h">
      <Filter>头文件</Filter>
    </ClInclude>
    <ClInclude Include="Component\Header\Component.h">
      <Filter>头文件</Filter>
    </ClInclude>
    <ClInclude Include="Component\Header\LightComponent.h">
      <Filter>头文件</Filter>
    </ClInclude>
    <ClInclude Include="Actor\Header\Actor.h">
      <Filter>头文件</Filter>
    </ClInclude>
    <ClInclude Include="RiverUI\Header\Widget.h">
      <Filter>头文件</Filter>
    </ClInclude>
    <ClInclude Include="RiverUI\Header\Panel.h">
      <Filter>头文件</Filter>
    </ClInclude>
    <ClInclude Include="RiverUI\Header\Button.h">
      <Filter>头文件</Filter>
    </ClInclude>
    <ClInclude Include="RiverUI\Header\Image.h">
      <Filter>头文件</Filter>
    </ClInclude>
    <ClInclude Include="Header\UILayer.h">
      <Filter>头文件</Filter>
    </ClInclude>
    <ClInclude Include="RiverUI\Header\UIWindow.h">
      <Filter>头文件</Filter>
    </ClInclude>
    <ClInclude Include="RiverUI\Header\UIRenderItem.h">
      <Filter>头文件</Filter>
    </ClInclude>
  </ItemGroup>
</Project>